
Microsoft Visual Studio Solution File, Format Version 12.00
# Visual Studio Version 16
VisualStudioVersion = 16.0.30711.63
MinimumVisualStudioVersion = 10.0.40219.1
Project("{8BC9CEB8-8B4A-11D0-8D11-00A0C91BC942}") = "lab0_gusarov", "lab0_gusarov\lab0_gusarov.vcxproj", "{95594D19-9211-44C9-B633-B9961AE3E44A}"
EndProject
Global
	GlobalSection(SolutionConfigurationPlatforms) = preSolution
		Debug|x64 = Debug|x64
		Debug|x86 = Debug|x86
		Release|x64 = Release|x64
		Release|x86 = Release|x86
	EndGlobalSection
	GlobalSection(ProjectConfigurationPlatforms) = postSolution
		{95594D19-9211-44C9-B633-B9961AE3E44A}.Debug|x64.ActiveCfg = Debug|x64
		{95594D19-9211-44C9-B633-B9961AE3E44A}.Debug|x64.Build.0 = Debug|x64
		{95594D19-9211-44C9-B633-B9961AE3E44A}.Debug|x86.ActiveCfg = Debug|Win32
		{95594D19-9211-44C9-B633-B9961AE3E44A}.Debug|x86.Build.0 = Debug|Win32
		{95594D19-9211-44C9-B633-B9961AE3E44A}.Release|x64.ActiveCfg = Release|x64
		{95594D19-9211-44C9-B633-B9961AE3E44A}.Release|x64.Build.0 = Release|x64
		{95594D19-9211-44C9-B633-B9961AE3E44A}.Release|x86.ActiveCfg = Release|Win32
		{95594D19-9211-44C9-B633-B9961AE3E44A}.Release|x86.Build.0 = Release|Win32
	EndGlobalSection
	GlobalSection(SolutionProperties) = preSolution
		HideSolutionNode = FALSE
	EndGlobalSection
	GlobalSection(ExtensibilityGlobals) = postSolution
		SolutionGuid = {7233FE83-E0EA-4FB0-855E-FFE9D1DA5EB2}
	EndGlobalSection
EndGlobal
